
Microsoft Visual Studio Solution File, Format Version 11.00
# Visual Studio 2010
Project("{FAE04EC0-301F-11D3-BF4B-00C04F79EFBC}") = "moon-tamaire", "Assembly-CSharp.csproj", "{42EB58C8-B988-42C5-2A97-9419E40EF45A}"
EndProject
Global
	GlobalSection(SolutionConfigurationPlatforms) = preSolution
		Debug|Any CPU = Debug|Any CPU
		Release|Any CPU = Release|Any CPU
	EndGlobalSection
	GlobalSection(ProjectConfigurationPlatforms) = postSolution
		{42EB58C8-B988-42C5-2A97-9419E40EF45A}.Debug|Any CPU.ActiveCfg = Debug|Any CPU
		{42EB58C8-B988-42C5-2A97-9419E40EF45A}.Debug|Any CPU.Build.0 = Debug|Any CPU
		{42EB58C8-B988-42C5-2A97-9419E40EF45A}.Release|Any CPU.ActiveCfg = Release|Any CPU
		{42EB58C8-B988-42C5-2A97-9419E40EF45A}.Release|Any CPU.Build.0 = Release|Any CPU
	EndGlobalSection
	GlobalSection(SolutionProperties) = preSolution
		HideSolutionNode = FALSE
	EndGlobalSection
	GlobalSection(MonoDevelopProperties) = preSolution
		StartupItem = Assembly-CSharp.csproj
	EndGlobalSection
EndGlobal
